
Microsoft Visual Studio Solution File, Format Version 12.00
# Visual Studio Version 17
VisualStudioVersion = 17.6.33712.159
MinimumVisualStudioVersion = 10.0.40219.1
Project("{FAE04EC0-301F-11D3-BF4B-00C04F79EFBC}") = "takvim2", "takvim2.csproj", "{DB2E6D7E-63BE-4204-B471-A13901E7C8D0}"
EndProject
Global
	GlobalSection(SolutionConfigurationPlatforms) = preSolution
		Debug|Any CPU = Debug|Any CPU
		Release|Any CPU = Release|Any CPU
	EndGlobalSection
	GlobalSection(ProjectConfigurationPlatforms) = postSolution
		{DB2E6D7E-63BE-4204-B471-A13901E7C8D0}.Debug|Any CPU.ActiveCfg = Debug|Any CPU
		{DB2E6D7E-63BE-4204-B471-A13901E7C8D0}.Debug|Any CPU.Build.0 = Debug|Any CPU
		{DB2E6D7E-63BE-4204-B471-A13901E7C8D0}.Release|Any CPU.ActiveCfg = Release|Any CPU
		{DB2E6D7E-63BE-4204-B471-A13901E7C8D0}.Release|Any CPU.Build.0 = Release|Any CPU
	EndGlobalSection
	GlobalSection(SolutionProperties) = preSolution
		HideSolutionNode = FALSE
	EndGlobalSection
	GlobalSection(ExtensibilityGlobals) = postSolution
		SolutionGuid = {0DE3ABA4-C92E-42E9-8812-B6EF3D21C90E}
	EndGlobalSection
EndGlobal
